
Microsoft Visual Studio Solution File, Format Version 12.00
# Visual Studio Version 17
VisualStudioVersion = 17.4.33122.133
MinimumVisualStudioVersion = 10.0.40219.1
Project("{FAE04EC0-301F-11D3-BF4B-00C04F79EFBC}") = "Power Table", "Power Table\Power Table.csproj", "{7D27EA36-178B-421C-8B81-24A545917E86}"
EndProject
Global
	GlobalSection(SolutionConfigurationPlatforms) = preSolution
		Debug|Any CPU = Debug|Any CPU
		Release|Any CPU = Release|Any CPU
	EndGlobalSection
	GlobalSection(ProjectConfigurationPlatforms) = postSolution
		{7D27EA36-178B-421C-8B81-24A545917E86}.Debug|Any CPU.ActiveCfg = Debug|Any CPU
		{7D27EA36-178B-421C-8B81-24A545917E86}.Debug|Any CPU.Build.0 = Debug|Any CPU
		{7D27EA36-178B-421C-8B81-24A545917E86}.Release|Any CPU.ActiveCfg = Release|Any CPU
		{7D27EA36-178B-421C-8B81-24A545917E86}.Release|Any CPU.Build.0 = Release|Any CPU
	EndGlobalSection
	GlobalSection(SolutionProperties) = preSolution
		HideSolutionNode = FALSE
	EndGlobalSection
	GlobalSection(ExtensibilityGlobals) = postSolution
		SolutionGuid = {205DF44B-1DA0-4FFE-A30B-86F552933BBC}
	EndGlobalSection
EndGlobal
